// !$*UTF8*$!
{
	archiveVersion = 1;
	classes = {
	};
	objectVersion = 55;
	objects = {

/* Begin PBXBuildFile section */
		B420FCA728356422006E8D27 /* ReadingList_MultiApp.swift in Sources */ = {isa = PBXBuildFile; fileRef = B420FC9828356421006E8D27 /* ReadingList_MultiApp.swift */; };
		B420FCA828356422006E8D27 /* ReadingList_MultiApp.swift in Sources */ = {isa = PBXBuildFile; fileRef = B420FC9828356421006E8D27 /* ReadingList_MultiApp.swift */; };
		B420FCAB28356422006E8D27 /* Assets.xcassets in Resources */ = {isa = PBXBuildFile; fileRef = B420FC9A28356422006E8D27 /* Assets.xcassets */; };
		B420FCAC28356422006E8D27 /* Assets.xcassets in Resources */ = {isa = PBXBuildFile; fileRef = B420FC9A28356422006E8D27 /* Assets.xcassets */; };
		B420FCB328356502006E8D27 /* ReadingListView.swift in Sources */ = {isa = PBXBuildFile; fileRef = B420FC9528356350006E8D27 /* ReadingListView.swift */; };
		B420FCB42835654D006E8D27 /* ReadingListView.swift in Sources */ = {isa = PBXBuildFile; fileRef = B420FC9528356350006E8D27 /* ReadingListView.swift */; };
		B420FCC228356F84006E8D27 /* ReadingListModel.framework in Frameworks */ = {isa = PBXBuildFile; fileRef = B420FCBA28356F84006E8D27 /* ReadingListModel.framework */; };
		B420FCC928356F84006E8D27 /* ReadingListModelTests.swift in Sources */ = {isa = PBXBuildFile; fileRef = B420FCC828356F84006E8D27 /* ReadingListModelTests.swift */; };
		B420FCCA28356F84006E8D27 /* ReadingListModel.h in Headers */ = {isa = PBXBuildFile; fileRef = B420FCBC28356F84006E8D27 /* ReadingListModel.h */; settings = {ATTRIBUTES = (Public, ); }; };
		B420FCCD28356F84006E8D27 /* ReadingListModel.framework in Frameworks */ = {isa = PBXBuildFile; fileRef = B420FCBA28356F84006E8D27 /* ReadingListModel.framework */; };
		B420FCCE28356F84006E8D27 /* ReadingListModel.framework in Embed Frameworks */ = {isa = PBXBuildFile; fileRef = B420FCBA28356F84006E8D27 /* ReadingListModel.framework */; settings = {ATTRIBUTES = (CodeSignOnCopy, RemoveHeadersOnCopy, ); }; };
		B420FCE228357101006E8D27 /* Book.swift in Sources */ = {isa = PBXBuildFile; fileRef = B420FCDE28357101006E8D27 /* Book.swift */; };
		B420FCE328357101006E8D27 /* ReadingList.json in Resources */ = {isa = PBXBuildFile; fileRef = B420FCDF28357101006E8D27 /* ReadingList.json */; };
		B420FCE428357101006E8D27 /* ReadingList.swift in Sources */ = {isa = PBXBuildFile; fileRef = B420FCE028357101006E8D27 /* ReadingList.swift */; };
		B420FCE528357101006E8D27 /* Author.swift in Sources */ = {isa = PBXBuildFile; fileRef = B420FCE128357101006E8D27 /* Author.swift */; };
		B420FCE7283572A5006E8D27 /* DataStore.swift in Sources */ = {isa = PBXBuildFile; fileRef = B420FCE6283572A5006E8D27 /* DataStore.swift */; };
		B420FCEA283579ED006E8D27 /* ReadingListViewModel.swift in Sources */ = {isa = PBXBuildFile; fileRef = B420FCE8283579A6006E8D27 /* ReadingListViewModel.swift */; };
		B420FCEE28359FDC006E8D27 /* CombineAPIClient.swift in Sources */ = {isa = PBXBuildFile; fileRef = B420FCEB28359AE5006E8D27 /* CombineAPIClient.swift */; };
		B420FCF02835AB2B006E8D27 /* APIClient.swift in Sources */ = {isa = PBXBuildFile; fileRef = B420FCEF2835AB2B006E8D27 /* APIClient.swift */; };
		B420FCF32835BB53006E8D27 /* ReadingListCell.swift in Sources */ = {isa = PBXBuildFile; fileRef = B420FCF12835BAFE006E8D27 /* ReadingListCell.swift */; };
		B420FCF62836AB81006E8D27 /* EditTitleView.swift in Sources */ = {isa = PBXBuildFile; fileRef = B420FCF42836AAE3006E8D27 /* EditTitleView.swift */; };
		B420FCFB2836D26C006E8D27 /* TextFieldWithClearButton.swift in Sources */ = {isa = PBXBuildFile; fileRef = B420FCF92836D206006E8D27 /* TextFieldWithClearButton.swift */; };
		B420FCFC2836D2BF006E8D27 /* RealTextField.swift in Sources */ = {isa = PBXBuildFile; fileRef = B420FCF72836C9A0006E8D27 /* RealTextField.swift */; };
/* End PBXBuildFile section */

/* Begin PBXContainerItemProxy section */
		B420FCC328356F84006E8D27 /* PBXContainerItemProxy */ = {
			isa = PBXContainerItemProxy;
			containerPortal = B420FC7C283561B0006E8D27 /* Project object */;
			proxyType = 1;
			remoteGlobalIDString = B420FCB928356F84006E8D27;
			remoteInfo = ReadingListModel;
		};
		B420FCC528356F84006E8D27 /* PBXContainerItemProxy */ = {
			isa = PBXContainerItemProxy;
			containerPortal = B420FC7C283561B0006E8D27 /* Project object */;
			proxyType = 1;
			remoteGlobalIDString = B420FC9E28356422006E8D27;
			remoteInfo = "ReadingList-Multi (iOS)";
		};
		B420FCCB28356F84006E8D27 /* PBXContainerItemProxy */ = {
			isa = PBXContainerItemProxy;
			containerPortal = B420FC7C283561B0006E8D27 /* Project object */;
			proxyType = 1;
			remoteGlobalIDString = B420FCB928356F84006E8D27;
			remoteInfo = ReadingListModel;
		};
/* End PBXContainerItemProxy section */

/* Begin PBXCopyFilesBuildPhase section */
		B420FCD228356F84006E8D27 /* Embed Frameworks */ = {
			isa = PBXCopyFilesBuildPhase;
			buildActionMask = 2147483647;
			dstPath = "";
			dstSubfolderSpec = 10;
			files = (
				B420FCCE28356F84006E8D27 /* ReadingListModel.framework in Embed Frameworks */,
			);
			name = "Embed Frameworks";
			runOnlyForDeploymentPostprocessing = 0;
		};
/* End PBXCopyFilesBuildPhase section */

/* Begin PBXFileReference section */
		B420FC9528356350006E8D27 /* ReadingListView.swift */ = {isa = PBXFileReference; lastKnownFileType = sourcecode.swift; path = ReadingListView.swift; sourceTree = "<group>"; };
		B420FC9828356421006E8D27 /* ReadingList_MultiApp.swift */ = {isa = PBXFileReference; lastKnownFileType = sourcecode.swift; path = ReadingList_MultiApp.swift; sourceTree = "<group>"; };
		B420FC9A28356422006E8D27 /* Assets.xcassets */ = {isa = PBXFileReference; lastKnownFileType = folder.assetcatalog; path = Assets.xcassets; sourceTree = "<group>"; };
		B420FC9F28356422006E8D27 /* ReadingList-Multi.app */ = {isa = PBXFileReference; explicitFileType = wrapper.application; includeInIndex = 0; path = "ReadingList-Multi.app"; sourceTree = BUILT_PRODUCTS_DIR; };
		B420FCA428356422006E8D27 /* ReadingList-Multi.app */ = {isa = PBXFileReference; explicitFileType = wrapper.application; includeInIndex = 0; path = "ReadingList-Multi.app"; sourceTree = BUILT_PRODUCTS_DIR; };
		B420FCA628356422006E8D27 /* macOS.entitlements */ = {isa = PBXFileReference; lastKnownFileType = text.plist.entitlements; path = macOS.entitlements; sourceTree = "<group>"; };
		B420FCBA28356F84006E8D27 /* ReadingListModel.framework */ = {isa = PBXFileReference; explicitFileType = wrapper.framework; includeInIndex = 0; path = ReadingListModel.framework; sourceTree = BUILT_PRODUCTS_DIR; };
		B420FCBC28356F84006E8D27 /* ReadingListModel.h */ = {isa = PBXFileReference; lastKnownFileType = sourcecode.c.h; path = ReadingListModel.h; sourceTree = "<group>"; };
		B420FCC128356F84006E8D27 /* ReadingListModelTests.xctest */ = {isa = PBXFileReference; explicitFileType = wrapper.cfbundle; includeInIndex = 0; path = ReadingListModelTests.xctest; sourceTree = BUILT_PRODUCTS_DIR; };
		B420FCC828356F84006E8D27 /* ReadingListModelTests.swift */ = {isa = PBXFileReference; lastKnownFileType = sourcecode.swift; path = ReadingListModelTests.swift; sourceTree = "<group>"; };
		B420FCDE28357101006E8D27 /* Book.swift */ = {isa = PBXFileReference; fileEncoding = 4; lastKnownFileType = sourcecode.swift; path = Book.swift; sourceTree = "<group>"; };
		B420FCDF28357101006E8D27 /* ReadingList.json */ = {isa = PBXFileReference; fileEncoding = 4; lastKnownFileType = text.json; path = ReadingList.json; sourceTree = "<group>"; };
		B420FCE028357101006E8D27 /* ReadingList.swift */ = {isa = PBXFileReference; fileEncoding = 4; lastKnownFileType = sourcecode.swift; path = ReadingList.swift; sourceTree = "<group>"; };
		B420FCE128357101006E8D27 /* Author.swift */ = {isa = PBXFileReference; fileEncoding = 4; lastKnownFileType = sourcecode.swift; path = Author.swift; sourceTree = "<group>"; };
		B420FCE6283572A5006E8D27 /* DataStore.swift */ = {isa = PBXFileReference; lastKnownFileType = sourcecode.swift; path = DataStore.swift; sourceTree = "<group>"; };
		B420FCE8283579A6006E8D27 /* ReadingListViewModel.swift */ = {isa = PBXFileReference; lastKnownFileType = sourcecode.swift; path = ReadingListViewModel.swift; sourceTree = "<group>"; };
		B420FCEB28359AE5006E8D27 /* CombineAPIClient.swift */ = {isa = PBXFileReference; lastKnownFileType = sourcecode.swift; path = CombineAPIClient.swift; sourceTree = "<group>"; };
		B420FCEF2835AB2B006E8D27 /* APIClient.swift */ = {isa = PBXFileReference; lastKnownFileType = sourcecode.swift; path = APIClient.swift; sourceTree = "<group>"; };
		B420FCF12835BAFE006E8D27 /* ReadingListCell.swift */ = {isa = PBXFileReference; lastKnownFileType = sourcecode.swift; path = ReadingListCell.swift; sourceTree = "<group>"; };
		B420FCF42836AAE3006E8D27 /* EditTitleView.swift */ = {isa = PBXFileReference; lastKnownFileType = sourcecode.swift; path = EditTitleView.swift; sourceTree = "<group>"; };
		B420FCF72836C9A0006E8D27 /* RealTextField.swift */ = {isa = PBXFileReference; lastKnownFileType = sourcecode.swift; path = RealTextField.swift; sourceTree = "<group>"; };
		B420FCF92836D206006E8D27 /* TextFieldWithClearButton.swift */ = {isa = PBXFileReference; lastKnownFileType = sourcecode.swift; path = TextFieldWithClearButton.swift; sourceTree = "<group>"; };
/* End PBXFileReference section */

/* Begin PBXFrameworksBuildPhase section */
		B420FC9C28356422006E8D27 /* Frameworks */ = {
			isa = PBXFrameworksBuildPhase;
			buildActionMask = 2147483647;
			files = (
				B420FCCD28356F84006E8D27 /* ReadingListModel.framework in Frameworks */,
			);
			runOnlyForDeploymentPostprocessing = 0;
		};
		B420FCA128356422006E8D27 /* Frameworks */ = {
			isa = PBXFrameworksBuildPhase;
			buildActionMask = 2147483647;
			files = (
			);
			runOnlyForDeploymentPostprocessing = 0;
		};
		B420FCB728356F84006E8D27 /* Frameworks */ = {
			isa = PBXFrameworksBuildPhase;
			buildActionMask = 2147483647;
			files = (
			);
			runOnlyForDeploymentPostprocessing = 0;
		};
		B420FCBE28356F84006E8D27 /* Frameworks */ = {
			isa = PBXFrameworksBuildPhase;
			buildActionMask = 2147483647;
			files = (
				B420FCC228356F84006E8D27 /* ReadingListModel.framework in Frameworks */,
			);
			runOnlyForDeploymentPostprocessing = 0;
		};
/* End PBXFrameworksBuildPhase section */

/* Begin PBXGroup section */
		B420FC7B283561B0006E8D27 = {
			isa = PBXGroup;
			children = (
				B420FC9728356421006E8D27 /* Shared */,
				B420FCA528356422006E8D27 /* macOS */,
				B420FCBB28356F84006E8D27 /* ReadingListModel */,
				B420FCC728356F84006E8D27 /* ReadingListModelTests */,
				B420FC85283561B0006E8D27 /* Products */,
			);
			sourceTree = "<group>";
		};
		B420FC85283561B0006E8D27 /* Products */ = {
			isa = PBXGroup;
			children = (
				B420FC9F28356422006E8D27 /* ReadingList-Multi.app */,
				B420FCA428356422006E8D27 /* ReadingList-Multi.app */,
				B420FCBA28356F84006E8D27 /* ReadingListModel.framework */,
				B420FCC128356F84006E8D27 /* ReadingListModelTests.xctest */,
			);
			name = Products;
			sourceTree = "<group>";
		};
		B420FC9728356421006E8D27 /* Shared */ = {
			isa = PBXGroup;
			children = (
				B420FC9828356421006E8D27 /* ReadingList_MultiApp.swift */,
				B420FC9528356350006E8D27 /* ReadingListView.swift */,
				B420FCF42836AAE3006E8D27 /* EditTitleView.swift */,
				B420FCF92836D206006E8D27 /* TextFieldWithClearButton.swift */,
				B420FCF72836C9A0006E8D27 /* RealTextField.swift */,
				B420FCF12835BAFE006E8D27 /* ReadingListCell.swift */,
				B420FCE8283579A6006E8D27 /* ReadingListViewModel.swift */,
				B420FC9A28356422006E8D27 /* Assets.xcassets */,
			);
			path = Shared;
			sourceTree = "<group>";
		};
		B420FCA528356422006E8D27 /* macOS */ = {
			isa = PBXGroup;
			children = (
				B420FCA628356422006E8D27 /* macOS.entitlements */,
			);
			path = macOS;
			sourceTree = "<group>";
		};
		B420FCBB28356F84006E8D27 /* ReadingListModel */ = {
			isa = PBXGroup;
			children = (
				B420FCE6283572A5006E8D27 /* DataStore.swift */,
				B420FCEB28359AE5006E8D27 /* CombineAPIClient.swift */,
				B420FCEF2835AB2B006E8D27 /* APIClient.swift */,
				B420FCE128357101006E8D27 /* Author.swift */,
				B420FCDE28357101006E8D27 /* Book.swift */,
				B420FCDF28357101006E8D27 /* ReadingList.json */,
				B420FCE028357101006E8D27 /* ReadingList.swift */,
				B420FCBC28356F84006E8D27 /* ReadingListModel.h */,
			);
			path = ReadingListModel;
			sourceTree = "<group>";
		};
		B420FCC728356F84006E8D27 /* ReadingListModelTests */ = {
			isa = PBXGroup;
			children = (
				B420FCC828356F84006E8D27 /* ReadingListModelTests.swift */,
			);
			path = ReadingListModelTests;
			sourceTree = "<group>";
		};
/* End PBXGroup section */

/* Begin PBXHeadersBuildPhase section */
		B420FCB528356F84006E8D27 /* Headers */ = {
			isa = PBXHeadersBuildPhase;
			buildActionMask = 2147483647;
			files = (
				B420FCCA28356F84006E8D27 /* ReadingListModel.h in Headers */,
			);
			runOnlyForDeploymentPostprocessing = 0;
		};
/* End PBXHeadersBuildPhase section */

/* Begin PBXNativeTarget section */
		B420FC9E28356422006E8D27 /* ReadingList-Multi (iOS) */ = {
			isa = PBXNativeTarget;
			buildConfigurationList = B420FCAD28356422006E8D27 /* Build configuration list for PBXNativeTarget "ReadingList-Multi (iOS)" */;
			buildPhases = (
				B420FC9B28356422006E8D27 /* Sources */,
				B420FC9C28356422006E8D27 /* Frameworks */,
				B420FC9D28356422006E8D27 /* Resources */,
				B420FCD228356F84006E8D27 /* Embed Frameworks */,
			);
			buildRules = (
			);
			dependencies = (
				B420FCCC28356F84006E8D27 /* PBXTargetDependency */,
			);
			name = "ReadingList-Multi (iOS)";
			productName = "ReadingList-Multi (iOS)";
			productReference = B420FC9F28356422006E8D27 /* ReadingList-Multi.app */;
			productType = "com.apple.product-type.application";
		};
		B420FCA328356422006E8D27 /* ReadingList-Multi (macOS) */ = {
			isa = PBXNativeTarget;
			buildConfigurationList = B420FCB028356422006E8D27 /* Build configuration list for PBXNativeTarget "ReadingList-Multi (macOS)" */;
			buildPhases = (
				B420FCA028356422006E8D27 /* Sources */,
				B420FCA128356422006E8D27 /* Frameworks */,
				B420FCA228356422006E8D27 /* Resources */,
			);
			buildRules = (
			);
			dependencies = (
			);
			name = "ReadingList-Multi (macOS)";
			productName = "ReadingList-Multi (macOS)";
			productReference = B420FCA428356422006E8D27 /* ReadingList-Multi.app */;
			productType = "com.apple.product-type.application";
		};
		B420FCB928356F84006E8D27 /* ReadingListModel */ = {
			isa = PBXNativeTarget;
			buildConfigurationList = B420FCCF28356F84006E8D27 /* Build configuration list for PBXNativeTarget "ReadingListModel" */;
			buildPhases = (
				B420FCB528356F84006E8D27 /* Headers */,
				B420FCB628356F84006E8D27 /* Sources */,
				B420FCB728356F84006E8D27 /* Frameworks */,
				B420FCB828356F84006E8D27 /* Resources */,
			);
			buildRules = (
			);
			dependencies = (
			);
			name = ReadingListModel;
			productName = ReadingListModel;
			productReference = B420FCBA28356F84006E8D27 /* ReadingListModel.framework */;
			productType = "com.apple.product-type.framework";
		};
		B420FCC028356F84006E8D27 /* ReadingListModelTests */ = {
			isa = PBXNativeTarget;
			buildConfigurationList = B420FCD328356F84006E8D27 /* Build configuration list for PBXNativeTarget "ReadingListModelTests" */;
			buildPhases = (
				B420FCBD28356F84006E8D27 /* Sources */,
				B420FCBE28356F84006E8D27 /* Frameworks */,
				B420FCBF28356F84006E8D27 /* Resources */,
			);
			buildRules = (
			);
			dependencies = (
				B420FCC428356F84006E8D27 /* PBXTargetDependency */,
				B420FCC628356F84006E8D27 /* PBXTargetDependency */,
			);
			name = ReadingListModelTests;
			productName = ReadingListModelTests;
			productReference = B420FCC128356F84006E8D27 /* ReadingListModelTests.xctest */;
			productType = "com.apple.product-type.bundle.unit-test";
		};
/* End PBXNativeTarget section */

/* Begin PBXProject section */
		B420FC7C283561B0006E8D27 /* Project object */ = {
			isa = PBXProject;
			attributes = {
				BuildIndependentTargetsInParallel = 1;
				LastSwiftUpdateCheck = 1340;
				LastUpgradeCheck = 1340;
				TargetAttributes = {
					B420FC9E28356422006E8D27 = {
						CreatedOnToolsVersion = 13.4;
					};
					B420FCA328356422006E8D27 = {
						CreatedOnToolsVersion = 13.4;
					};
					B420FCB928356F84006E8D27 = {
						CreatedOnToolsVersion = 13.4;
						LastSwiftMigration = 1340;
					};
					B420FCC028356F84006E8D27 = {
						CreatedOnToolsVersion = 13.4;
						TestTargetID = B420FC9E28356422006E8D27;
					};
				};
			};
			buildConfigurationList = B420FC7F283561B0006E8D27 /* Build configuration list for PBXProject "ReadingList" */;
			compatibilityVersion = "Xcode 13.0";
			developmentRegion = en;
			hasScannedForEncodings = 0;
			knownRegions = (
				en,
				Base,
			);
			mainGroup = B420FC7B283561B0006E8D27;
			productRefGroup = B420FC85283561B0006E8D27 /* Products */;
			projectDirPath = "";
			projectRoot = "";
			targets = (
				B420FC9E28356422006E8D27 /* ReadingList-Multi (iOS) */,
				B420FCA328356422006E8D27 /* ReadingList-Multi (macOS) */,
				B420FCB928356F84006E8D27 /* ReadingListModel */,
				B420FCC028356F84006E8D27 /* ReadingListModelTests */,
			);
		};
/* End PBXProject section */

/* Begin PBXResourcesBuildPhase section */
		B420FC9D28356422006E8D27 /* Resources */ = {
			isa = PBXResourcesBuildPhase;
			buildActionMask = 2147483647;
			files = (
				B420FCAB28356422006E8D27 /* Assets.xcassets in Resources */,
			);
			runOnlyForDeploymentPostprocessing = 0;
		};
		B420FCA228356422006E8D27 /* Resources */ = {
			isa = PBXResourcesBuildPhase;
			buildActionMask = 2147483647;
			files = (
				B420FCAC28356422006E8D27 /* Assets.xcassets in Resources */,
			);
			runOnlyForDeploymentPostprocessing = 0;
		};
		B420FCB828356F84006E8D27 /* Resources */ = {
			isa = PBXResourcesBuildPhase;
			buildActionMask = 2147483647;
			files = (
				B420FCE328357101006E8D27 /* ReadingList.json in Resources */,
			);
			runOnlyForDeploymentPostprocessing = 0;
		};
		B420FCBF28356F84006E8D27 /* Resources */ = {
			isa = PBXResourcesBuildPhase;
			buildActionMask = 2147483647;
			files = (
			);
			runOnlyForDeploymentPostprocessing = 0;
		};
/* End PBXResourcesBuildPhase section */

/* Begin PBXSourcesBuildPhase section */
		B420FC9B28356422006E8D27 /* Sources */ = {
			isa = PBXSourcesBuildPhase;
			buildActionMask = 2147483647;
			files = (
				B420FCB328356502006E8D27 /* ReadingListView.swift in Sources */,
				B420FCFC2836D2BF006E8D27 /* RealTextField.swift in Sources */,
				B420FCEA283579ED006E8D27 /* ReadingListViewModel.swift in Sources */,
				B420FCF62836AB81006E8D27 /* EditTitleView.swift in Sources */,
				B420FCFB2836D26C006E8D27 /* TextFieldWithClearButton.swift in Sources */,
				B420FCF32835BB53006E8D27 /* ReadingListCell.swift in Sources */,
				B420FCA728356422006E8D27 /* ReadingList_MultiApp.swift in Sources */,
			);
			runOnlyForDeploymentPostprocessing = 0;
		};
		B420FCA028356422006E8D27 /* Sources */ = {
			isa = PBXSourcesBuildPhase;
			buildActionMask = 2147483647;
			files = (
				B420FCB42835654D006E8D27 /* ReadingListView.swift in Sources */,
				B420FCA828356422006E8D27 /* ReadingList_MultiApp.swift in Sources */,
			);
			runOnlyForDeploymentPostprocessing = 0;
		};
		B420FCB628356F84006E8D27 /* Sources */ = {
			isa = PBXSourcesBuildPhase;
			buildActionMask = 2147483647;
			files = (
				B420FCE528357101006E8D27 /* Author.swift in Sources */,
				B420FCE428357101006E8D27 /* ReadingList.swift in Sources */,
				B420FCE7283572A5006E8D27 /* DataStore.swift in Sources */,
				B420FCEE28359FDC006E8D27 /* CombineAPIClient.swift in Sources */,
				B420FCE228357101006E8D27 /* Book.swift in Sources */,
				B420FCF02835AB2B006E8D27 /* APIClient.swift in Sources */,
			);
			runOnlyForDeploymentPostprocessing = 0;
		};
		B420FCBD28356F84006E8D27 /* Sources */ = {
			isa = PBXSourcesBuildPhase;
			buildActionMask = 2147483647;
			files = (
				B420FCC928356F84006E8D27 /* ReadingListModelTests.swift in Sources */,
			);
			runOnlyForDeploymentPostprocessing = 0;
		};
/* End PBXSourcesBuildPhase section */

/* Begin PBXTargetDependency section */
		B420FCC428356F84006E8D27 /* PBXTargetDependency */ = {
			isa = PBXTargetDependency;
			target = B420FCB928356F84006E8D27 /* ReadingListModel */;
			targetProxy = B420FCC328356F84006E8D27 /* PBXContainerItemProxy */;
		};
		B420FCC628356F84006E8D27 /* PBXTargetDependency */ = {
			isa = PBXTargetDependency;
			target = B420FC9E28356422006E8D27 /* ReadingList-Multi (iOS) */;
			targetProxy = B420FCC528356F84006E8D27 /* PBXContainerItemProxy */;
		};
		B420FCCC28356F84006E8D27 /* PBXTargetDependency */ = {
			isa = PBXTargetDependency;
			target = B420FCB928356F84006E8D27 /* ReadingListModel */;
			targetProxy = B420FCCB28356F84006E8D27 /* PBXContainerItemProxy */;
		};
/* End PBXTargetDependency section */

/* Begin XCBuildConfiguration section */
		B420FC90283561B3006E8D27 /* Debug */ = {
			isa = XCBuildConfiguration;
			buildSettings = {
				ALWAYS_SEARCH_USER_PATHS = NO;
				CLANG_ANALYZER_NONNULL = YES;
				CLANG_ANALYZER_NUMBER_OBJECT_CONVERSION = YES_AGGRESSIVE;
				CLANG_CXX_LANGUAGE_STANDARD = "gnu++17";
				CLANG_ENABLE_MODULES = YES;
				CLANG_ENABLE_OBJC_ARC = YES;
				CLANG_ENABLE_OBJC_WEAK = YES;
				CLANG_WARN_BLOCK_CAPTURE_AUTORELEASING = YES;
				CLANG_WARN_BOOL_CONVERSION = YES;
				CLANG_WARN_COMMA = YES;
				CLANG_WARN_CONSTANT_CONVERSION = YES;
				CLANG_WARN_DEPRECATED_OBJC_IMPLEMENTATIONS = YES;
				CLANG_WARN_DIRECT_OBJC_ISA_USAGE = YES_ERROR;
				CLANG_WARN_DOCUMENTATION_COMMENTS = YES;
				CLANG_WARN_EMPTY_BODY = YES;
				CLANG_WARN_ENUM_CONVERSION = YES;
				CLANG_WARN_INFINITE_RECURSION = YES;
				CLANG_WARN_INT_CONVERSION = YES;
				CLANG_WARN_NON_LITERAL_NULL_CONVERSION = YES;
				CLANG_WARN_OBJC_IMPLICIT_RETAIN_SELF = YES;
				CLANG_WARN_OBJC_LITERAL_CONVERSION = YES;
				CLANG_WARN_OBJC_ROOT_CLASS = YES_ERROR;
				CLANG_WARN_QUOTED_INCLUDE_IN_FRAMEWORK_HEADER = YES;
				CLANG_WARN_RANGE_LOOP_ANALYSIS = YES;
				CLANG_WARN_STRICT_PROTOTYPES = YES;
				CLANG_WARN_SUSPICIOUS_MOVE = YES;
				CLANG_WARN_UNGUARDED_AVAILABILITY = YES_AGGRESSIVE;
				CLANG_WARN_UNREACHABLE_CODE = YES;
				CLANG_WARN__DUPLICATE_METHOD_MATCH = YES;
				COPY_PHASE_STRIP = NO;
				DEBUG_INFORMATION_FORMAT = dwarf;
				ENABLE_STRICT_OBJC_MSGSEND = YES;
				ENABLE_TESTABILITY = YES;
				GCC_C_LANGUAGE_STANDARD = gnu11;
				GCC_DYNAMIC_NO_PIC = NO;
				GCC_NO_COMMON_BLOCKS = YES;
				GCC_OPTIMIZATION_LEVEL = 0;
				GCC_PREPROCESSOR_DEFINITIONS = (
					"DEBUG=1",
					"$(inherited)",
				);
				GCC_WARN_64_TO_32_BIT_CONVERSION = YES;
				GCC_WARN_ABOUT_RETURN_TYPE = YES_ERROR;
				GCC_WARN_UNDECLARED_SELECTOR = YES;
				GCC_WARN_UNINITIALIZED_AUTOS = YES_AGGRESSIVE;
				GCC_WARN_UNUSED_FUNCTION = YES;
				GCC_WARN_UNUSED_VARIABLE = YES;
				IPHONEOS_DEPLOYMENT_TARGET = 15.5;
				MTL_ENABLE_DEBUG_INFO = INCLUDE_SOURCE;
				MTL_FAST_MATH = YES;
				ONLY_ACTIVE_ARCH = YES;
				SDKROOT = iphoneos;
				SWIFT_ACTIVE_COMPILATION_CONDITIONS = DEBUG;
				SWIFT_OPTIMIZATION_LEVEL = "-Onone";
			};
			name = Debug;
		};
		B420FC91283561B3006E8D27 /* Release */ = {
			isa = XCBuildConfiguration;
			buildSettings = {
				ALWAYS_SEARCH_USER_PATHS = NO;
				CLANG_ANALYZER_NONNULL = YES;
				CLANG_ANALYZER_NUMBER_OBJECT_CONVERSION = YES_AGGRESSIVE;
				CLANG_CXX_LANGUAGE_STANDARD = "gnu++17";
				CLANG_ENABLE_MODULES = YES;
				CLANG_ENABLE_OBJC_ARC = YES;
				CLANG_ENABLE_OBJC_WEAK = YES;
				CLANG_WARN_BLOCK_CAPTURE_AUTORELEASING = YES;
				CLANG_WARN_BOOL_CONVERSION = YES;
				CLANG_WARN_COMMA = YES;
				CLANG_WARN_CONSTANT_CONVERSION = YES;
				CLANG_WARN_DEPRECATED_OBJC_IMPLEMENTATIONS = YES;
				CLANG_WARN_DIRECT_OBJC_ISA_USAGE = YES_ERROR;
				CLANG_WARN_DOCUMENTATION_COMMENTS = YES;
				CLANG_WARN_EMPTY_BODY = YES;
				CLANG_WARN_ENUM_CONVERSION = YES;
				CLANG_WARN_INFINITE_RECURSION = YES;
				CLANG_WARN_INT_CONVERSION = YES;
				CLANG_WARN_NON_LITERAL_NULL_CONVERSION = YES;
				CLANG_WARN_OBJC_IMPLICIT_RETAIN_SELF = YES;
				CLANG_WARN_OBJC_LITERAL_CONVERSION = YES;
				CLANG_WARN_OBJC_ROOT_CLASS = YES_ERROR;
				CLANG_WARN_QUOTED_INCLUDE_IN_FRAMEWORK_HEADER = YES;
				CLANG_WARN_RANGE_LOOP_ANALYSIS = YES;
				CLANG_WARN_STRICT_PROTOTYPES = YES;
				CLANG_WARN_SUSPICIOUS_MOVE = YES;
				CLANG_WARN_UNGUARDED_AVAILABILITY = YES_AGGRESSIVE;
				CLANG_WARN_UNREACHABLE_CODE = YES;
				CLANG_WARN__DUPLICATE_METHOD_MATCH = YES;
				COPY_PHASE_STRIP = NO;
				DEBUG_INFORMATION_FORMAT = "dwarf-with-dsym";
				ENABLE_NS_ASSERTIONS = NO;
				ENABLE_STRICT_OBJC_MSGSEND = YES;
				GCC_C_LANGUAGE_STANDARD = gnu11;
				GCC_NO_COMMON_BLOCKS = YES;
				GCC_WARN_64_TO_32_BIT_CONVERSION = YES;
				GCC_WARN_ABOUT_RETURN_TYPE = YES_ERROR;
				GCC_WARN_UNDECLARED_SELECTOR = YES;
				GCC_WARN_UNINITIALIZED_AUTOS = YES_AGGRESSIVE;
				GCC_WARN_UNUSED_FUNCTION = YES;
				GCC_WARN_UNUSED_VARIABLE = YES;
				IPHONEOS_DEPLOYMENT_TARGET = 15.5;
				MTL_ENABLE_DEBUG_INFO = NO;
				MTL_FAST_MATH = YES;
				SDKROOT = iphoneos;
				SWIFT_COMPILATION_MODE = wholemodule;
				SWIFT_OPTIMIZATION_LEVEL = "-O";
				VALIDATE_PRODUCT = YES;
			};
			name = Release;
		};
		B420FCAE28356422006E8D27 /* Debug */ = {
			isa = XCBuildConfiguration;
			buildSettings = {
				ALWAYS_EMBED_SWIFT_STANDARD_LIBRARIES = YES;
				ASSETCATALOG_COMPILER_APPICON_NAME = AppIcon;
				ASSETCATALOG_COMPILER_GLOBAL_ACCENT_COLOR_NAME = AccentColor;
				CODE_SIGN_STYLE = Automatic;
				CURRENT_PROJECT_VERSION = 1;
				ENABLE_PREVIEWS = YES;
				GENERATE_INFOPLIST_FILE = YES;
				INFOPLIST_KEY_UIApplicationSceneManifest_Generation = YES;
				INFOPLIST_KEY_UIApplicationSupportsIndirectInputEvents = YES;
				INFOPLIST_KEY_UILaunchScreen_Generation = YES;
				INFOPLIST_KEY_UISupportedInterfaceOrientations_iPad = "UIInterfaceOrientationPortrait UIInterfaceOrientationPortraitUpsideDown UIInterfaceOrientationLandscapeLeft UIInterfaceOrientationLandscapeRight";
				INFOPLIST_KEY_UISupportedInterfaceOrientations_iPhone = "UIInterfaceOrientationPortrait UIInterfaceOrientationLandscapeLeft UIInterfaceOrientationLandscapeRight";
				IPHONEOS_DEPLOYMENT_TARGET = 15.5;
				LD_RUNPATH_SEARCH_PATHS = (
					"$(inherited)",
					"@executable_path/Frameworks",
				);
				MARKETING_VERSION = 1.0;
				PRODUCT_BUNDLE_IDENTIFIER = "com.aboutobjects.training.ReadingList-Multi";
				PRODUCT_NAME = "ReadingList-Multi";
				SDKROOT = iphoneos;
				SWIFT_EMIT_LOC_STRINGS = YES;
				SWIFT_VERSION = 5.0;
				TARGETED_DEVICE_FAMILY = "1,2";
			};
			name = Debug;
		};
		B420FCAF28356422006E8D27 /* Release */ = {
			isa = XCBuildConfiguration;
			buildSettings = {
				ALWAYS_EMBED_SWIFT_STANDARD_LIBRARIES = YES;
				ASSETCATALOG_COMPILER_APPICON_NAME = AppIcon;
				ASSETCATALOG_COMPILER_GLOBAL_ACCENT_COLOR_NAME = AccentColor;
				CODE_SIGN_STYLE = Automatic;
				CURRENT_PROJECT_VERSION = 1;
				ENABLE_PREVIEWS = YES;
				GENERATE_INFOPLIST_FILE = YES;
				INFOPLIST_KEY_UIApplicationSceneManifest_Generation = YES;
				INFOPLIST_KEY_UIApplicationSupportsIndirectInputEvents = YES;
				INFOPLIST_KEY_UILaunchScreen_Generation = YES;
				INFOPLIST_KEY_UISupportedInterfaceOrientations_iPad = "UIInterfaceOrientationPortrait UIInterfaceOrientationPortraitUpsideDown UIInterfaceOrientationLandscapeLeft UIInterfaceOrientationLandscapeRight";
				INFOPLIST_KEY_UISupportedInterfaceOrientations_iPhone = "UIInterfaceOrientationPortrait UIInterfaceOrientationLandscapeLeft UIInterfaceOrientationLandscapeRight";
				IPHONEOS_DEPLOYMENT_TARGET = 15.5;
				LD_RUNPATH_SEARCH_PATHS = (
					"$(inherited)",
					"@executable_path/Frameworks",
				);
				MARKETING_VERSION = 1.0;
				PRODUCT_BUNDLE_IDENTIFIER = "com.aboutobjects.training.ReadingList-Multi";
				PRODUCT_NAME = "ReadingList-Multi";
				SDKROOT = iphoneos;
				SWIFT_EMIT_LOC_STRINGS = YES;
				SWIFT_VERSION = 5.0;
				TARGETED_DEVICE_FAMILY = "1,2";
				VALIDATE_PRODUCT = YES;
			};
			name = Release;
		};
		B420FCB128356422006E8D27 /* Debug */ = {
			isa = XCBuildConfiguration;
			buildSettings = {
				ASSETCATALOG_COMPILER_APPICON_NAME = AppIcon;
				ASSETCATALOG_COMPILER_GLOBAL_ACCENT_COLOR_NAME = AccentColor;
				CODE_SIGN_ENTITLEMENTS = macOS/macOS.entitlements;
				CODE_SIGN_STYLE = Automatic;
				COMBINE_HIDPI_IMAGES = YES;
				CURRENT_PROJECT_VERSION = 1;
				ENABLE_PREVIEWS = YES;
				GENERATE_INFOPLIST_FILE = YES;
				INFOPLIST_KEY_NSHumanReadableCopyright = "";
				LD_RUNPATH_SEARCH_PATHS = (
					"$(inherited)",
					"@executable_path/../Frameworks",
				);
				MACOSX_DEPLOYMENT_TARGET = 12.0;
				MARKETING_VERSION = 1.0;
				PRODUCT_BUNDLE_IDENTIFIER = "com.aboutobjects.training.ReadingList-Multi";
				PRODUCT_NAME = "ReadingList-Multi";
				SDKROOT = macosx;
				SWIFT_EMIT_LOC_STRINGS = YES;
				SWIFT_VERSION = 5.0;
			};
			name = Debug;
		};
		B420FCB228356422006E8D27 /* Release */ = {
			isa = XCBuildConfiguration;
			buildSettings = {
				ASSETCATALOG_COMPILER_APPICON_NAME = AppIcon;
				ASSETCATALOG_COMPILER_GLOBAL_ACCENT_COLOR_NAME = AccentColor;
				CODE_SIGN_ENTITLEMENTS = macOS/macOS.entitlements;
				CODE_SIGN_STYLE = Automatic;
				COMBINE_HIDPI_IMAGES = YES;
				CURRENT_PROJECT_VERSION = 1;
				ENABLE_PREVIEWS = YES;
				GENERATE_INFOPLIST_FILE = YES;
				INFOPLIST_KEY_NSHumanReadableCopyright = "";
				LD_RUNPATH_SEARCH_PATHS = (
					"$(inherited)",
					"@executable_path/../Frameworks",
				);
				MACOSX_DEPLOYMENT_TARGET = 12.0;
				MARKETING_VERSION = 1.0;
				PRODUCT_BUNDLE_IDENTIFIER = "com.aboutobjects.training.ReadingList-Multi";
				PRODUCT_NAME = "ReadingList-Multi";
				SDKROOT = macosx;
				SWIFT_EMIT_LOC_STRINGS = YES;
				SWIFT_VERSION = 5.0;
			};
			name = Release;
		};
		B420FCD028356F84006E8D27 /* Debug */ = {
			isa = XCBuildConfiguration;
			buildSettings = {
				CLANG_ENABLE_MODULES = YES;
				CODE_SIGN_STYLE = Automatic;
				CURRENT_PROJECT_VERSION = 1;
				DEFINES_MODULE = YES;
				DYLIB_COMPATIBILITY_VERSION = 1;
				DYLIB_CURRENT_VERSION = 1;
				DYLIB_INSTALL_NAME_BASE = "@rpath";
				GENERATE_INFOPLIST_FILE = YES;
				INFOPLIST_KEY_NSHumanReadableCopyright = "";
				INSTALL_PATH = "$(LOCAL_LIBRARY_DIR)/Frameworks";
				LD_RUNPATH_SEARCH_PATHS = (
					"$(inherited)",
					"@executable_path/Frameworks",
					"@loader_path/Frameworks",
				);
				MARKETING_VERSION = 1.0;
				PRODUCT_BUNDLE_IDENTIFIER = com.aboutobjects.training.ReadingListModel;
				PRODUCT_NAME = "$(TARGET_NAME:c99extidentifier)";
				SKIP_INSTALL = YES;
				SWIFT_EMIT_LOC_STRINGS = YES;
				SWIFT_OPTIMIZATION_LEVEL = "-Onone";
				SWIFT_VERSION = 5.0;
				TARGETED_DEVICE_FAMILY = "1,2";
				VERSIONING_SYSTEM = "apple-generic";
				VERSION_INFO_PREFIX = "";
			};
			name = Debug;
		};
		B420FCD128356F84006E8D27 /* Release */ = {
			isa = XCBuildConfiguration;
			buildSettings = {
				CLANG_ENABLE_MODULES = YES;
				CODE_SIGN_STYLE = Automatic;
				CURRENT_PROJECT_VERSION = 1;
				DEFINES_MODULE = YES;
				DYLIB_COMPATIBILITY_VERSION = 1;
				DYLIB_CURRENT_VERSION = 1;
				DYLIB_INSTALL_NAME_BASE = "@rpath";
				GENERATE_INFOPLIST_FILE = YES;
				INFOPLIST_KEY_NSHumanReadableCopyright = "";
				INSTALL_PATH = "$(LOCAL_LIBRARY_DIR)/Frameworks";
				LD_RUNPATH_SEARCH_PATHS = (
					"$(inherited)",
					"@executable_path/Frameworks",
					"@loader_path/Frameworks",
				);
				MARKETING_VERSION = 1.0;
				PRODUCT_BUNDLE_IDENTIFIER = com.aboutobjects.training.ReadingListModel;
				PRODUCT_NAME = "$(TARGET_NAME:c99extidentifier)";
				SKIP_INSTALL = YES;
				SWIFT_EMIT_LOC_STRINGS = YES;
				SWIFT_VERSION = 5.0;
				TARGETED_DEVICE_FAMILY = "1,2";
				VERSIONING_SYSTEM = "apple-generic";
				VERSION_INFO_PREFIX = "";
			};
			name = Release;
		};
		B420FCD428356F84006E8D27 /* Debug */ = {
			isa = XCBuildConfiguration;
			buildSettings = {
				ALWAYS_EMBED_SWIFT_STANDARD_LIBRARIES = YES;
				CODE_SIGN_STYLE = Automatic;
				CURRENT_PROJECT_VERSION = 1;
				GENERATE_INFOPLIST_FILE = YES;
				MARKETING_VERSION = 1.0;
				PRODUCT_BUNDLE_IDENTIFIER = com.aboutobjects.training.ReadingListModelTests;
				PRODUCT_NAME = "$(TARGET_NAME)";
				SWIFT_EMIT_LOC_STRINGS = NO;
				SWIFT_VERSION = 5.0;
				TARGETED_DEVICE_FAMILY = "1,2";
				TEST_HOST = "$(BUILT_PRODUCTS_DIR)/ReadingList-Multi.app/ReadingList-Multi";
			};
			name = Debug;
		};
		B420FCD528356F84006E8D27 /* Release */ = {
			isa = XCBuildConfiguration;
			buildSettings = {
				ALWAYS_EMBED_SWIFT_STANDARD_LIBRARIES = YES;
				CODE_SIGN_STYLE = Automatic;
				CURRENT_PROJECT_VERSION = 1;
				GENERATE_INFOPLIST_FILE = YES;
				MARKETING_VERSION = 1.0;
				PRODUCT_BUNDLE_IDENTIFIER = com.aboutobjects.training.ReadingListModelTests;
				PRODUCT_NAME = "$(TARGET_NAME)";
				SWIFT_EMIT_LOC_STRINGS = NO;
				SWIFT_VERSION = 5.0;
				TARGETED_DEVICE_FAMILY = "1,2";
				TEST_HOST = "$(BUILT_PRODUCTS_DIR)/ReadingList-Multi.app/ReadingList-Multi";
			};
			name = Release;
		};
/* End XCBuildConfiguration section */

/* Begin XCConfigurationList section */
		B420FC7F283561B0006E8D27 /* Build configuration list for PBXProject "ReadingList" */ = {
			isa = XCConfigurationList;
			buildConfigurations = (
				B420FC90283561B3006E8D27 /* Debug */,
				B420FC91283561B3006E8D27 /* Release */,
			);
			defaultConfigurationIsVisible = 0;
			defaultConfigurationName = Release;
		};
		B420FCAD28356422006E8D27 /* Build configuration list for PBXNativeTarget "ReadingList-Multi (iOS)" */ = {
			isa = XCConfigurationList;
			buildConfigurations = (
				B420FCAE28356422006E8D27 /* Debug */,
				B420FCAF28356422006E8D27 /* Release */,
			);
			defaultConfigurationIsVisible = 0;
			defaultConfigurationName = Release;
		};
		B420FCB028356422006E8D27 /* Build configuration list for PBXNativeTarget "ReadingList-Multi (macOS)" */ = {
			isa = XCConfigurationList;
			buildConfigurations = (
				B420FCB128356422006E8D27 /* Debug */,
				B420FCB228356422006E8D27 /* Release */,
			);
			defaultConfigurationIsVisible = 0;
			defaultConfigurationName = Release;
		};
		B420FCCF28356F84006E8D27 /* Build configuration list for PBXNativeTarget "ReadingListModel" */ = {
			isa = XCConfigurationList;
			buildConfigurations = (
				B420FCD028356F84006E8D27 /* Debug */,
				B420FCD128356F84006E8D27 /* Release */,
			);
			defaultConfigurationIsVisible = 0;
			defaultConfigurationName = Release;
		};
		B420FCD328356F84006E8D27 /* Build configuration list for PBXNativeTarget "ReadingListModelTests" */ = {
			isa = XCConfigurationList;
			buildConfigurations = (
				B420FCD428356F84006E8D27 /* Debug */,
				B420FCD528356F84006E8D27 /* Release */,
			);
			defaultConfigurationIsVisible = 0;
			defaultConfigurationName = Release;
		};
/* End XCConfigurationList section */
	};
	rootObject = B420FC7C283561B0006E8D27 /* Project object */;
}
